
Microsoft Visual Studio Solution File, Format Version 12.00
# Visual Studio Version 17
VisualStudioVersion = 17.4.33213.308
MinimumVisualStudioVersion = 10.0.40219.1
Project("{FAE04EC0-301F-11D3-BF4B-00C04F79EFBC}") = "CodeBit", "CodeBit.csproj", "{73EECC2C-E1C1-4468-95A7-95CB34BD737F}"
EndProject
Global
	GlobalSection(SolutionConfigurationPlatforms) = preSolution
		Debug|Any CPU = Debug|Any CPU
		Release|Any CPU = Release|Any CPU
	EndGlobalSection
	GlobalSection(ProjectConfigurationPlatforms) = postSolution
		{73EECC2C-E1C1-4468-95A7-95CB34BD737F}.Debug|Any CPU.ActiveCfg = Debug|Any CPU
		{73EECC2C-E1C1-4468-95A7-95CB34BD737F}.Debug|Any CPU.Build.0 = Debug|Any CPU
		{73EECC2C-E1C1-4468-95A7-95CB34BD737F}.Release|Any CPU.ActiveCfg = Release|Any CPU
		{73EECC2C-E1C1-4468-95A7-95CB34BD737F}.Release|Any CPU.Build.0 = Release|Any CPU
	EndGlobalSection
	GlobalSection(SolutionProperties) = preSolution
		HideSolutionNode = FALSE
	EndGlobalSection
	GlobalSection(ExtensibilityGlobals) = postSolution
		SolutionGuid = {0A23C8AE-2774-4324-927A-2B19F34EB374}
	EndGlobalSection
EndGlobal
